
Microsoft Visual Studio Solution File, Format Version 12.00
Project("{FAE04EC0-301F-11D3-BF4B-00C04F79EFBC}") = "TaskMaestro", "TaskMaestro\TaskMaestro.csproj", "{72396209-ACDB-42D4-8787-181FB1ADAD91}"
EndProject
Project("{FAE04EC0-301F-11D3-BF4B-00C04F79EFBC}") = "TaskMaestro.BasicSample", "TaskMaestro.BasicSample\TaskMaestro.BasicSample.csproj", "{53A12A9D-CCFA-4B68-893B-34823FFF517B}"
EndProject
Global
	GlobalSection(SolutionConfigurationPlatforms) = preSolution
		Debug|Any CPU = Debug|Any CPU
		Release|Any CPU = Release|Any CPU
	EndGlobalSection
	GlobalSection(ProjectConfigurationPlatforms) = postSolution
		{72396209-ACDB-42D4-8787-181FB1ADAD91}.Debug|Any CPU.ActiveCfg = Debug|Any CPU
		{72396209-ACDB-42D4-8787-181FB1ADAD91}.Debug|Any CPU.Build.0 = Debug|Any CPU
		{72396209-ACDB-42D4-8787-181FB1ADAD91}.Release|Any CPU.ActiveCfg = Release|Any CPU
		{72396209-ACDB-42D4-8787-181FB1ADAD91}.Release|Any CPU.Build.0 = Release|Any CPU
		{53A12A9D-CCFA-4B68-893B-34823FFF517B}.Debug|Any CPU.ActiveCfg = Debug|Any CPU
		{53A12A9D-CCFA-4B68-893B-34823FFF517B}.Debug|Any CPU.Build.0 = Debug|Any CPU
		{53A12A9D-CCFA-4B68-893B-34823FFF517B}.Release|Any CPU.ActiveCfg = Release|Any CPU
		{53A12A9D-CCFA-4B68-893B-34823FFF517B}.Release|Any CPU.Build.0 = Release|Any CPU
	EndGlobalSection
EndGlobal
